// !$*UTF8*$!
{
	archiveVersion = 1;
	classes = {
	};
	objectVersion = 77;
	objects = {

/* Begin PBXBuildFile section */
		D00DE0000000000000000012 /* GRDB in Frameworks */ = {isa = PBXBuildFile; productRef = D00DE0000000000000000011 /* GRDB */; };
		D00DE0000000000000000021 /* DromeMessages.appex in Embed Foundation Extensions */ = {isa = PBXBuildFile; fileRef = D00DE0000000000000000020 /* DromeMessages.appex */; settings = {ATTRIBUTES = (RemoveHeadersOnCopy, ); }; };
		D00DE0000000000000000048 /* GRDB in Frameworks */ = {isa = PBXBuildFile; productRef = D00DE0000000000000000049 /* GRDB */; };
/* End PBXBuildFile section */

/* Begin PBXContainerItemProxy section */
		D00DE0000000000000000029 /* PBXContainerItemProxy */ = {
			isa = PBXContainerItemProxy;
			containerPortal = D00DE0000000000000000001 /* Project object */;
			proxyType = 1;
			remoteGlobalIDString = D00DE0000000000000000024;
			remoteInfo = DromeMessages;
		};
/* End PBXContainerItemProxy section */

/* Begin PBXCopyFilesBuildPhase section */
		D00DE0000000000000000028 /* Embed Foundation Extensions */ = {
			isa = PBXCopyFilesBuildPhase;
			buildActionMask = 2147483647;
			dstPath = "";
			dstSubfolderSpec = 13;
			files = (
				D00DE0000000000000000021 /* DromeMessages.appex in Embed Foundation Extensions */,
			);
			name = "Embed Foundation Extensions";
			runOnlyForDeploymentPostprocessing = 0;
		};
/* End PBXCopyFilesBuildPhase section */

/* Begin PBXFileReference section */
		D00DE0000000000000000004 /* Drome.app */ = {isa = PBXFileReference; explicitFileType = wrapper.application; includeInIndex = 0; path = Drome.app; sourceTree = BUILT_PRODUCTS_DIR; };
		D00DE0000000000000000020 /* DromeMessages.appex */ = {isa = PBXFileReference; explicitFileType = "wrapper.app-extension"; includeInIndex = 0; path = DromeMessages.appex; sourceTree = BUILT_PRODUCTS_DIR; };
		D00DE0000000000000000040 /* Drome.app */ = {isa = PBXFileReference; explicitFileType = wrapper.application; includeInIndex = 0; path = Drome.app; sourceTree = BUILT_PRODUCTS_DIR; };
/* End PBXFileReference section */

/* Begin PBXFileSystemSynchronizedBuildFileExceptionSet section */
		D00DE0000000000000000013 /* Exceptions for "Drome" folder in "Drome" target */ = {
			isa = PBXFileSystemSynchronizedBuildFileExceptionSet;
			membershipExceptions = (
				Info.plist,
			);
			target = D00DE0000000000000000006 /* Drome */;
		};
		D00DE0000000000000000023 /* Exceptions for "DromeMessages" folder in "DromeMessages" target */ = {
			isa = PBXFileSystemSynchronizedBuildFileExceptionSet;
			membershipExceptions = (
				Info.plist,
			);
			target = D00DE0000000000000000024 /* DromeMessages */;
		};
		D00DE0000000000000000042 /* Exceptions for "DromeTV" folder in "DromeTV" target */ = {
			isa = PBXFileSystemSynchronizedBuildFileExceptionSet;
			membershipExceptions = (
				Info.plist,
			);
			target = D00DE0000000000000000044 /* DromeTV */;
		};
		D00DE0000000000000000043 /* Exceptions for "Drome" folder in "DromeTV" target */ = {
			isa = PBXFileSystemSynchronizedBuildFileExceptionSet;
			membershipExceptions = (
				App/AppDelegate.swift,
				App/DromeApp.swift,
				Assets.xcassets,
				CarPlay/CarPlayArtwork.swift,
				CarPlay/CarPlayKeyboard.swift,
				CarPlay/CarPlaySceneDelegate.swift,
				CarPlay/DromeExceptionCatcher.m,
				Info.plist,
				Shared/BootChime.swift,
				Shared/DeepLink.swift,
				Shared/MessagesShareBridge.swift,
				Shared/SongIMessage.swift,
				Shared/SongShare.swift,
				Siri/DromeSiriPlayback.swift,
				Siri/PlayInDromeIntent.swift,
				Siri/PlayMediaIntentHandler.swift,
				UI/Auth/LoginView.swift,
				UI/Components/AirPlayRoutePicker.swift,
				UI/Components/AlphabetScrubber.swift,
				UI/Components/RatingBadge.swift,
				UI/Components/SharedViews.swift,
				UI/Components/SongArtistLinks.swift,
				UI/Components/SongNavigation.swift,
				UI/Components/SongRow.swift,
				UI/Components/SongSwipeActions.swift,
				UI/Components/SpotifyRecommendSection.swift,
				UI/Components/StarRatingControl.swift,
				UI/Home/HomeView.swift,
				UI/Home/HorizontalRecentRail.swift,
				UI/Home/HorizontalSongRail.swift,
				UI/Home/MoodVibes.swift,
				UI/Library/AlbumDetailView.swift,
				UI/Library/ArtistDetailView.swift,
				UI/Library/DownloadsView.swift,
				UI/Library/GenreDetailView.swift,
				UI/Library/LibraryView.swift,
				UI/Library/PlaylistDetailView.swift,
				UI/Library/RatedLibraryView.swift,
				UI/Library/WishlistView.swift,
				UI/MainTabView.swift,
				UI/Player/LyricsView.swift,
				UI/Player/MiniPlayerBar.swift,
				UI/Player/NowPlayingView.swift,
				UI/Player/QueueView.swift,
				UI/RootView.swift,
				UI/Search/RecentSearchesStore.swift,
				UI/Search/SearchView.swift,
				UI/Settings/SettingsView.swift,
				UI/Settings/TVPairingView.swift,
				UI/SplashView.swift,
			);
			target = D00DE0000000000000000044 /* DromeTV */;
		};
/* End PBXFileSystemSynchronizedBuildFileExceptionSet section */

/* Begin PBXFileSystemSynchronizedRootGroup section */
		D00DE0000000000000000005 /* Drome */ = {
			isa = PBXFileSystemSynchronizedRootGroup;
			exceptions = (
				D00DE0000000000000000013 /* Exceptions for "Drome" folder in "Drome" target */,
				D00DE0000000000000000043 /* Exceptions for "Drome" folder in "DromeTV" target */,
			);
			path = Drome;
			sourceTree = "<group>";
		};
		D00DE0000000000000000022 /* DromeMessages */ = {
			isa = PBXFileSystemSynchronizedRootGroup;
			exceptions = (
				D00DE0000000000000000023 /* Exceptions for "DromeMessages" folder in "DromeMessages" target */,
			);
			path = DromeMessages;
			sourceTree = "<group>";
		};
		D00DE0000000000000000041 /* DromeTV */ = {
			isa = PBXFileSystemSynchronizedRootGroup;
			exceptions = (
				D00DE0000000000000000042 /* Exceptions for "DromeTV" folder in "DromeTV" target */,
			);
			path = DromeTV;
			sourceTree = "<group>";
		};
/* End PBXFileSystemSynchronizedRootGroup section */

/* Begin PBXFrameworksBuildPhase section */
		D00DE0000000000000000008 /* Frameworks */ = {
			isa = PBXFrameworksBuildPhase;
			buildActionMask = 2147483647;
			files = (
				D00DE0000000000000000012 /* GRDB in Frameworks */,
			);
			runOnlyForDeploymentPostprocessing = 0;
		};
		D00DE0000000000000000026 /* Frameworks */ = {
			isa = PBXFrameworksBuildPhase;
			buildActionMask = 2147483647;
			files = (
			);
			runOnlyForDeploymentPostprocessing = 0;
		};
		D00DE0000000000000000046 /* Frameworks */ = {
			isa = PBXFrameworksBuildPhase;
			buildActionMask = 2147483647;
			files = (
				D00DE0000000000000000048 /* GRDB in Frameworks */,
			);
			runOnlyForDeploymentPostprocessing = 0;
		};
/* End PBXFrameworksBuildPhase section */

/* Begin PBXGroup section */
		D00DE0000000000000000002 = {
			isa = PBXGroup;
			children = (
				D00DE0000000000000000005 /* Drome */,
				D00DE0000000000000000022 /* DromeMessages */,
				D00DE0000000000000000041 /* DromeTV */,
				D00DE0000000000000000003 /* Products */,
			);
			sourceTree = "<group>";
		};
		D00DE0000000000000000003 /* Products */ = {
			isa = PBXGroup;
			children = (
				D00DE0000000000000000004 /* Drome.app */,
				D00DE0000000000000000020 /* DromeMessages.appex */,
				D00DE0000000000000000040 /* Drome.app */,
			);
			name = Products;
			sourceTree = "<group>";
		};
/* End PBXGroup section */

/* Begin PBXNativeTarget section */
		D00DE0000000000000000006 /* Drome */ = {
			isa = PBXNativeTarget;
			buildConfigurationList = D00DE000000000000000000D /* Build configuration list for PBXNativeTarget "Drome" */;
			buildPhases = (
				D00DE0000000000000000007 /* Sources */,
				D00DE0000000000000000008 /* Frameworks */,
				D00DE0000000000000000009 /* Resources */,
				D00DE0000000000000000028 /* Embed Foundation Extensions */,
			);
			buildRules = (
			);
			dependencies = (
				D00DE0000000000000000030 /* PBXTargetDependency */,
			);
			fileSystemSynchronizedGroups = (
				D00DE0000000000000000005 /* Drome */,
			);
			name = Drome;
			packageProductDependencies = (
				D00DE0000000000000000011 /* GRDB */,
			);
			productName = Drome;
			productReference = D00DE0000000000000000004 /* Drome.app */;
			productType = "com.apple.product-type.application";
		};
		D00DE0000000000000000024 /* DromeMessages */ = {
			isa = PBXNativeTarget;
			buildConfigurationList = D00DE0000000000000000033 /* Build configuration list for PBXNativeTarget "DromeMessages" */;
			buildPhases = (
				D00DE0000000000000000025 /* Sources */,
				D00DE0000000000000000026 /* Frameworks */,
				D00DE0000000000000000027 /* Resources */,
			);
			buildRules = (
			);
			dependencies = (
			);
			fileSystemSynchronizedGroups = (
				D00DE0000000000000000022 /* DromeMessages */,
			);
			name = DromeMessages;
			packageProductDependencies = (
			);
			productName = DromeMessages;
			productReference = D00DE0000000000000000020 /* DromeMessages.appex */;
			productType = "com.apple.product-type.app-extension.messages";
		};
		D00DE0000000000000000044 /* DromeTV */ = {
			isa = PBXNativeTarget;
			buildConfigurationList = D00DE0000000000000000052 /* Build configuration list for PBXNativeTarget "DromeTV" */;
			buildPhases = (
				D00DE0000000000000000045 /* Sources */,
				D00DE0000000000000000046 /* Frameworks */,
				D00DE0000000000000000047 /* Resources */,
			);
			buildRules = (
			);
			dependencies = (
			);
			fileSystemSynchronizedGroups = (
				D00DE0000000000000000005 /* Drome */,
				D00DE0000000000000000041 /* DromeTV */,
			);
			name = DromeTV;
			packageProductDependencies = (
				D00DE0000000000000000049 /* GRDB */,
			);
			productName = DromeTV;
			productReference = D00DE0000000000000000040 /* Drome.app */;
			productType = "com.apple.product-type.application";
		};
/* End PBXNativeTarget section */

/* Begin PBXProject section */
		D00DE0000000000000000001 /* Project object */ = {
			isa = PBXProject;
			attributes = {
				BuildIndependentTargetsInParallel = 1;
				LastSwiftUpdateCheck = 2600;
				LastUpgradeCheck = 2600;
				TargetAttributes = {
					D00DE0000000000000000006 = {
						CreatedOnToolsVersion = 26.0;
					};
					D00DE0000000000000000024 = {
						CreatedOnToolsVersion = 26.0;
					};
					D00DE0000000000000000044 = {
						CreatedOnToolsVersion = 26.0;
					};
				};
			};
			buildConfigurationList = D00DE000000000000000000A /* Build configuration list for PBXProject "Drome" */;
			developmentRegion = en;
			hasScannedForEncodings = 0;
			knownRegions = (
				en,
				Base,
			);
			mainGroup = D00DE0000000000000000002;
			minimizedProjectReferenceProxies = 1;
			packageReferences = (
				D00DE0000000000000000010 /* XCRemoteSwiftPackageReference "GRDB" */,
			);
			preferredProjectObjectVersion = 77;
			productRefGroup = D00DE0000000000000000003 /* Products */;
			projectDirPath = "";
			projectRoot = "";
			targets = (
				D00DE0000000000000000006 /* Drome */,
				D00DE0000000000000000024 /* DromeMessages */,
				D00DE0000000000000000044 /* DromeTV */,
			);
		};
/* End PBXProject section */

/* Begin PBXResourcesBuildPhase section */
		D00DE0000000000000000009 /* Resources */ = {
			isa = PBXResourcesBuildPhase;
			buildActionMask = 2147483647;
			files = (
			);
			runOnlyForDeploymentPostprocessing = 0;
		};
		D00DE0000000000000000027 /* Resources */ = {
			isa = PBXResourcesBuildPhase;
			buildActionMask = 2147483647;
			files = (
			);
			runOnlyForDeploymentPostprocessing = 0;
		};
		D00DE0000000000000000047 /* Resources */ = {
			isa = PBXResourcesBuildPhase;
			buildActionMask = 2147483647;
			files = (
			);
			runOnlyForDeploymentPostprocessing = 0;
		};
/* End PBXResourcesBuildPhase section */

/* Begin PBXSourcesBuildPhase section */
		D00DE0000000000000000007 /* Sources */ = {
			isa = PBXSourcesBuildPhase;
			buildActionMask = 2147483647;
			files = (
			);
			runOnlyForDeploymentPostprocessing = 0;
		};
		D00DE0000000000000000025 /* Sources */ = {
			isa = PBXSourcesBuildPhase;
			buildActionMask = 2147483647;
			files = (
			);
			runOnlyForDeploymentPostprocessing = 0;
		};
		D00DE0000000000000000045 /* Sources */ = {
			isa = PBXSourcesBuildPhase;
			buildActionMask = 2147483647;
			files = (
			);
			runOnlyForDeploymentPostprocessing = 0;
		};
/* End PBXSourcesBuildPhase section */

/* Begin PBXTargetDependency section */
		D00DE0000000000000000030 /* PBXTargetDependency */ = {
			isa = PBXTargetDependency;
			target = D00DE0000000000000000024 /* DromeMessages */;
			targetProxy = D00DE0000000000000000029 /* PBXContainerItemProxy */;
		};
/* End PBXTargetDependency section */

/* Begin XCBuildConfiguration section */
		D00DE000000000000000000B /* Debug */ = {
			isa = XCBuildConfiguration;
			buildSettings = {
				ALWAYS_SEARCH_USER_PATHS = NO;
				ASSETCATALOG_COMPILER_GENERATE_SWIFT_ASSET_SYMBOL_EXTENSIONS = YES;
				CLANG_ANALYZER_NONNULL = YES;
				CLANG_ANALYZER_NUMBER_OBJECT_CONVERSION = YES_AGGRESSIVE;
				CLANG_CXX_LANGUAGE_STANDARD = "gnu++20";
				CLANG_ENABLE_MODULES = YES;
				CLANG_ENABLE_OBJC_ARC = YES;
				CLANG_ENABLE_OBJC_WEAK = YES;
				CLANG_WARN_BLOCK_CAPTURE_AUTORELEASING = YES;
				CLANG_WARN_BOOL_CONVERSION = YES;
				CLANG_WARN_COMMA = YES;
				CLANG_WARN_CONSTANT_CONVERSION = YES;
				CLANG_WARN_DEPRECATED_OBJC_IMPLEMENTATIONS = YES;
				CLANG_WARN_DIRECT_OBJC_ISA_USAGE = YES_ERROR;
				CLANG_WARN_DOCUMENTATION_COMMENTS = YES;
				CLANG_WARN_EMPTY_BODY = YES;
				CLANG_WARN_ENUM_CONVERSION = YES;
				CLANG_WARN_INFINITE_RECURSION = YES;
				CLANG_WARN_INT_CONVERSION = YES;
				CLANG_WARN_NON_LITERAL_NULL_CONVERSION = YES;
				CLANG_WARN_OBJC_IMPLICIT_RETAIN_SELF = YES;
				CLANG_WARN_OBJC_LITERAL_CONVERSION = YES;
				CLANG_WARN_OBJC_ROOT_CLASS = YES_ERROR;
				CLANG_WARN_QUOTED_INCLUDE_IN_FRAMEWORK_HEADER = YES;
				CLANG_WARN_RANGE_LOOP_ANALYSIS = YES;
				CLANG_WARN_STRICT_PROTOTYPES = YES;
				CLANG_WARN_SUSPICIOUS_MOVE = YES;
				CLANG_WARN_UNGUARDED_AVAILABILITY = YES_AGGRESSIVE;
				CLANG_WARN_UNREACHABLE_CODE = YES;
				CLANG_WARN__DUPLICATE_METHOD_MATCH = YES;
				COPY_PHASE_STRIP = NO;
				DEBUG_INFORMATION_FORMAT = dwarf;
				ENABLE_STRICT_OBJC_MSGSEND = YES;
				ENABLE_TESTABILITY = YES;
				ENABLE_USER_SCRIPT_SANDBOXING = YES;
				GCC_C_LANGUAGE_STANDARD = gnu17;
				GCC_DYNAMIC_NO_PIC = NO;
				GCC_NO_COMMON_BLOCKS = YES;
				GCC_OPTIMIZATION_LEVEL = 0;
				GCC_PREPROCESSOR_DEFINITIONS = (
					"DEBUG=1",
					"$(inherited)",
				);
				GCC_WARN_64_TO_32_BIT_CONVERSION = YES;
				GCC_WARN_ABOUT_RETURN_TYPE = YES_ERROR;
				GCC_WARN_UNDECLARED_SELECTOR = YES;
				GCC_WARN_UNINITIALIZED_AUTOS = YES_AGGRESSIVE;
				GCC_WARN_UNUSED_FUNCTION = YES;
				GCC_WARN_UNUSED_VARIABLE = YES;
				IPHONEOS_DEPLOYMENT_TARGET = 18.0;
				LOCALIZATION_PREFERS_STRING_CATALOGS = YES;
				MTL_ENABLE_DEBUG_INFO = INCLUDE_SOURCE;
				MTL_FAST_MATH = YES;
				ONLY_ACTIVE_ARCH = YES;
				SDKROOT = iphoneos;
				SWIFT_ACTIVE_COMPILATION_CONDITIONS = "DEBUG $(inherited)";
				SWIFT_OPTIMIZATION_LEVEL = "-Onone";
			};
			name = Debug;
		};
		D00DE000000000000000000C /* Release */ = {
			isa = XCBuildConfiguration;
			buildSettings = {
				ALWAYS_SEARCH_USER_PATHS = NO;
				ASSETCATALOG_COMPILER_GENERATE_SWIFT_ASSET_SYMBOL_EXTENSIONS = YES;
				CLANG_ANALYZER_NONNULL = YES;
				CLANG_ANALYZER_NUMBER_OBJECT_CONVERSION = YES_AGGRESSIVE;
				CLANG_CXX_LANGUAGE_STANDARD = "gnu++20";
				CLANG_ENABLE_MODULES = YES;
				CLANG_ENABLE_OBJC_ARC = YES;
				CLANG_ENABLE_OBJC_WEAK = YES;
				CLANG_WARN_BLOCK_CAPTURE_AUTORELEASING = YES;
				CLANG_WARN_BOOL_CONVERSION = YES;
				CLANG_WARN_COMMA = YES;
				CLANG_WARN_CONSTANT_CONVERSION = YES;
				CLANG_WARN_DEPRECATED_OBJC_IMPLEMENTATIONS = YES;
				CLANG_WARN_DIRECT_OBJC_ISA_USAGE = YES_ERROR;
				CLANG_WARN_DOCUMENTATION_COMMENTS = YES;
				CLANG_WARN_EMPTY_BODY = YES;
				CLANG_WARN_ENUM_CONVERSION = YES;
				CLANG_WARN_INFINITE_RECURSION = YES;
				CLANG_WARN_INT_CONVERSION = YES;
				CLANG_WARN_NON_LITERAL_NULL_CONVERSION = YES;
				CLANG_WARN_OBJC_IMPLICIT_RETAIN_SELF = YES;
				CLANG_WARN_OBJC_LITERAL_CONVERSION = YES;
				CLANG_WARN_OBJC_ROOT_CLASS = YES_ERROR;
				CLANG_WARN_QUOTED_INCLUDE_IN_FRAMEWORK_HEADER = YES;
				CLANG_WARN_RANGE_LOOP_ANALYSIS = YES;
				CLANG_WARN_STRICT_PROTOTYPES = YES;
				CLANG_WARN_SUSPICIOUS_MOVE = YES;
				CLANG_WARN_UNGUARDED_AVAILABILITY = YES_AGGRESSIVE;
				CLANG_WARN_UNREACHABLE_CODE = YES;
				CLANG_WARN__DUPLICATE_METHOD_MATCH = YES;
				COPY_PHASE_STRIP = NO;
				DEBUG_INFORMATION_FORMAT = "dwarf-with-dsym";
				ENABLE_NS_ASSERTIONS = NO;
				ENABLE_STRICT_OBJC_MSGSEND = YES;
				ENABLE_USER_SCRIPT_SANDBOXING = YES;
				GCC_C_LANGUAGE_STANDARD = gnu17;
				GCC_NO_COMMON_BLOCKS = YES;
				GCC_WARN_64_TO_32_BIT_CONVERSION = YES;
				GCC_WARN_ABOUT_RETURN_TYPE = YES_ERROR;
				GCC_WARN_UNDECLARED_SELECTOR = YES;
				GCC_WARN_UNINITIALIZED_AUTOS = YES_AGGRESSIVE;
				GCC_WARN_UNUSED_FUNCTION = YES;
				GCC_WARN_UNUSED_VARIABLE = YES;
				IPHONEOS_DEPLOYMENT_TARGET = 18.0;
				LOCALIZATION_PREFERS_STRING_CATALOGS = YES;
				MTL_ENABLE_DEBUG_INFO = NO;
				MTL_FAST_MATH = YES;
				SDKROOT = iphoneos;
				SWIFT_COMPILATION_MODE = wholemodule;
				VALIDATE_PRODUCT = YES;
			};
			name = Release;
		};
		D00DE000000000000000000E /* Debug */ = {
			isa = XCBuildConfiguration;
			buildSettings = {
				ASSETCATALOG_COMPILER_APPICON_NAME = AppIcon;
				ASSETCATALOG_COMPILER_GLOBAL_ACCENT_COLOR_NAME = AccentColor;
				CODE_SIGN_ENTITLEMENTS = Drome/Drome.entitlements;
				CODE_SIGN_STYLE = Automatic;
				CURRENT_PROJECT_VERSION = 1;
				DEVELOPMENT_TEAM = LURJ69YS93;
				GENERATE_INFOPLIST_FILE = YES;
				INFOPLIST_FILE = Drome/Info.plist;
				INFOPLIST_KEY_CFBundleDisplayName = Drome;
				INFOPLIST_KEY_ITSAppUsesNonExemptEncryption = NO;
				INFOPLIST_KEY_NSLocalNetworkUsageDescription = "Drome connects to your Navidrome server and companion wishlist server on your local network.";
				INFOPLIST_KEY_UISupportedInterfaceOrientations = UIInterfaceOrientationPortrait;
				INFOPLIST_KEY_UIUserInterfaceStyle = Dark;
				LD_RUNPATH_SEARCH_PATHS = (
					"$(inherited)",
					"@executable_path/Frameworks",
				);
				MARKETING_VERSION = 1.0;
				PRODUCT_BUNDLE_IDENTIFIER = drome.app;
				PRODUCT_NAME = "$(TARGET_NAME)";
				SWIFT_EMIT_LOC_STRINGS = YES;
				SWIFT_OBJC_BRIDGING_HEADER = "Drome/Drome-Bridging-Header.h";
				SWIFT_VERSION = 5.0;
				TARGETED_DEVICE_FAMILY = 1;
			};
			name = Debug;
		};
		D00DE000000000000000000F /* Release */ = {
			isa = XCBuildConfiguration;
			buildSettings = {
				ASSETCATALOG_COMPILER_APPICON_NAME = AppIcon;
				ASSETCATALOG_COMPILER_GLOBAL_ACCENT_COLOR_NAME = AccentColor;
				CODE_SIGN_ENTITLEMENTS = Drome/Drome.entitlements;
				CODE_SIGN_STYLE = Automatic;
				CURRENT_PROJECT_VERSION = 1;
				DEVELOPMENT_TEAM = LURJ69YS93;
				GENERATE_INFOPLIST_FILE = YES;
				INFOPLIST_FILE = Drome/Info.plist;
				INFOPLIST_KEY_CFBundleDisplayName = Drome;
				INFOPLIST_KEY_ITSAppUsesNonExemptEncryption = NO;
				INFOPLIST_KEY_NSLocalNetworkUsageDescription = "Drome connects to your Navidrome server and companion wishlist server on your local network.";
				INFOPLIST_KEY_UISupportedInterfaceOrientations = UIInterfaceOrientationPortrait;
				INFOPLIST_KEY_UIUserInterfaceStyle = Dark;
				LD_RUNPATH_SEARCH_PATHS = (
					"$(inherited)",
					"@executable_path/Frameworks",
				);
				MARKETING_VERSION = 1.0;
				PRODUCT_BUNDLE_IDENTIFIER = drome.app;
				PRODUCT_NAME = "$(TARGET_NAME)";
				SWIFT_EMIT_LOC_STRINGS = YES;
				SWIFT_OBJC_BRIDGING_HEADER = "Drome/Drome-Bridging-Header.h";
				SWIFT_VERSION = 5.0;
				TARGETED_DEVICE_FAMILY = 1;
			};
			name = Release;
		};
		D00DE0000000000000000031 /* Debug */ = {
			isa = XCBuildConfiguration;
			buildSettings = {
				CODE_SIGN_ENTITLEMENTS = DromeMessages/DromeMessages.entitlements;
				CODE_SIGN_STYLE = Automatic;
				CURRENT_PROJECT_VERSION = 1;
				DEVELOPMENT_TEAM = LURJ69YS93;
				GENERATE_INFOPLIST_FILE = YES;
				INFOPLIST_FILE = DromeMessages/Info.plist;
				INFOPLIST_KEY_CFBundleDisplayName = Drome;
				INFOPLIST_KEY_ITSAppUsesNonExemptEncryption = NO;
				INFOPLIST_KEY_NSHumanReadableCopyright = "";
				INFOPLIST_KEY_NSLocalNetworkUsageDescription = "Drome Messages uses the local network to search and preview tracks from your Navidrome server.";
				LD_RUNPATH_SEARCH_PATHS = (
					"$(inherited)",
					"@executable_path/Frameworks",
					"@executable_path/../../Frameworks",
				);
				MARKETING_VERSION = 1.0;
				PRODUCT_BUNDLE_IDENTIFIER = drome.app.messages;
				PRODUCT_NAME = "$(TARGET_NAME)";
				SKIP_INSTALL = YES;
				SWIFT_EMIT_LOC_STRINGS = YES;
				SWIFT_OBJC_BRIDGING_HEADER = "DromeMessages/DromeMessages-Bridging-Header.h";
				SWIFT_VERSION = 5.0;
				TARGETED_DEVICE_FAMILY = 1;
			};
			name = Debug;
		};
		D00DE0000000000000000032 /* Release */ = {
			isa = XCBuildConfiguration;
			buildSettings = {
				CODE_SIGN_ENTITLEMENTS = DromeMessages/DromeMessages.entitlements;
				CODE_SIGN_STYLE = Automatic;
				CURRENT_PROJECT_VERSION = 1;
				DEVELOPMENT_TEAM = LURJ69YS93;
				GENERATE_INFOPLIST_FILE = YES;
				INFOPLIST_FILE = DromeMessages/Info.plist;
				INFOPLIST_KEY_CFBundleDisplayName = Drome;
				INFOPLIST_KEY_ITSAppUsesNonExemptEncryption = NO;
				INFOPLIST_KEY_NSHumanReadableCopyright = "";
				INFOPLIST_KEY_NSLocalNetworkUsageDescription = "Drome Messages uses the local network to search and preview tracks from your Navidrome server.";
				LD_RUNPATH_SEARCH_PATHS = (
					"$(inherited)",
					"@executable_path/Frameworks",
					"@executable_path/../../Frameworks",
				);
				MARKETING_VERSION = 1.0;
				PRODUCT_BUNDLE_IDENTIFIER = drome.app.messages;
				PRODUCT_NAME = "$(TARGET_NAME)";
				SKIP_INSTALL = YES;
				SWIFT_EMIT_LOC_STRINGS = YES;
				SWIFT_OBJC_BRIDGING_HEADER = "DromeMessages/DromeMessages-Bridging-Header.h";
				SWIFT_VERSION = 5.0;
				TARGETED_DEVICE_FAMILY = 1;
			};
			name = Release;
		};
		D00DE0000000000000000050 /* Debug */ = {
			isa = XCBuildConfiguration;
			buildSettings = {
				ASSETCATALOG_COMPILER_APPICON_NAME = "App Icon";
				ASSETCATALOG_COMPILER_GLOBAL_ACCENT_COLOR_NAME = AccentColor;
				CODE_SIGN_ENTITLEMENTS = DromeTV/DromeTV.entitlements;
				CODE_SIGN_STYLE = Automatic;
				CURRENT_PROJECT_VERSION = 1;
				DEVELOPMENT_TEAM = LURJ69YS93;
				GENERATE_INFOPLIST_FILE = YES;
				INFOPLIST_FILE = DromeTV/Info.plist;
				INFOPLIST_KEY_CFBundleDisplayName = Drome;
				INFOPLIST_KEY_ITSAppUsesNonExemptEncryption = NO;
				INFOPLIST_KEY_NSLocalNetworkUsageDescription = "Drome connects to your Navidrome server and companion wishlist server on your local network.";
				INFOPLIST_KEY_UIUserInterfaceStyle = Dark;
				LD_RUNPATH_SEARCH_PATHS = (
					"$(inherited)",
					"@executable_path/Frameworks",
				);
				MARKETING_VERSION = 1.0;
				PRODUCT_BUNDLE_IDENTIFIER = drome.app.tv;
				PRODUCT_NAME = Drome;
				SDKROOT = appletvos;
				SUPPORTED_PLATFORMS = "appletvos appletvsimulator";
				SUPPORTS_MACCATALYST = NO;
				SWIFT_EMIT_LOC_STRINGS = YES;
				SWIFT_VERSION = 5.0;
				TARGETED_DEVICE_FAMILY = 3;
				TVOS_DEPLOYMENT_TARGET = 18.0;
			};
			name = Debug;
		};
		D00DE0000000000000000051 /* Release */ = {
			isa = XCBuildConfiguration;
			buildSettings = {
				ASSETCATALOG_COMPILER_APPICON_NAME = "App Icon";
				ASSETCATALOG_COMPILER_GLOBAL_ACCENT_COLOR_NAME = AccentColor;
				CODE_SIGN_ENTITLEMENTS = DromeTV/DromeTV.entitlements;
				CODE_SIGN_STYLE = Automatic;
				CURRENT_PROJECT_VERSION = 1;
				DEVELOPMENT_TEAM = LURJ69YS93;
				GENERATE_INFOPLIST_FILE = YES;
				INFOPLIST_FILE = DromeTV/Info.plist;
				INFOPLIST_KEY_CFBundleDisplayName = Drome;
				INFOPLIST_KEY_ITSAppUsesNonExemptEncryption = NO;
				INFOPLIST_KEY_NSLocalNetworkUsageDescription = "Drome connects to your Navidrome server and companion wishlist server on your local network.";
				INFOPLIST_KEY_UIUserInterfaceStyle = Dark;
				LD_RUNPATH_SEARCH_PATHS = (
					"$(inherited)",
					"@executable_path/Frameworks",
				);
				MARKETING_VERSION = 1.0;
				PRODUCT_BUNDLE_IDENTIFIER = drome.app.tv;
				PRODUCT_NAME = Drome;
				SDKROOT = appletvos;
				SUPPORTED_PLATFORMS = "appletvos appletvsimulator";
				SUPPORTS_MACCATALYST = NO;
				SWIFT_EMIT_LOC_STRINGS = YES;
				SWIFT_VERSION = 5.0;
				TARGETED_DEVICE_FAMILY = 3;
				TVOS_DEPLOYMENT_TARGET = 18.0;
			};
			name = Release;
		};
/* End XCBuildConfiguration section */

/* Begin XCConfigurationList section */
		D00DE000000000000000000A /* Build configuration list for PBXProject "Drome" */ = {
			isa = XCConfigurationList;
			buildConfigurations = (
				D00DE000000000000000000B /* Debug */,
				D00DE000000000000000000C /* Release */,
			);
			defaultConfigurationIsVisible = 0;
			defaultConfigurationName = Release;
		};
		D00DE000000000000000000D /* Build configuration list for PBXNativeTarget "Drome" */ = {
			isa = XCConfigurationList;
			buildConfigurations = (
				D00DE000000000000000000E /* Debug */,
				D00DE000000000000000000F /* Release */,
			);
			defaultConfigurationIsVisible = 0;
			defaultConfigurationName = Release;
		};
		D00DE0000000000000000033 /* Build configuration list for PBXNativeTarget "DromeMessages" */ = {
			isa = XCConfigurationList;
			buildConfigurations = (
				D00DE0000000000000000031 /* Debug */,
				D00DE0000000000000000032 /* Release */,
			);
			defaultConfigurationIsVisible = 0;
			defaultConfigurationName = Release;
		};
		D00DE0000000000000000052 /* Build configuration list for PBXNativeTarget "DromeTV" */ = {
			isa = XCConfigurationList;
			buildConfigurations = (
				D00DE0000000000000000050 /* Debug */,
				D00DE0000000000000000051 /* Release */,
			);
			defaultConfigurationIsVisible = 0;
			defaultConfigurationName = Release;
		};
/* End XCConfigurationList section */

/* Begin XCRemoteSwiftPackageReference section */
		D00DE0000000000000000010 /* XCRemoteSwiftPackageReference "GRDB" */ = {
			isa = XCRemoteSwiftPackageReference;
			repositoryURL = "https://github.com/groue/GRDB.swift";
			requirement = {
				kind = upToNextMajorVersion;
				minimumVersion = 7.0.0;
			};
		};
/* End XCRemoteSwiftPackageReference section */

/* Begin XCSwiftPackageProductDependency section */
		D00DE0000000000000000011 /* GRDB */ = {
			isa = XCSwiftPackageProductDependency;
			package = D00DE0000000000000000010 /* XCRemoteSwiftPackageReference "GRDB" */;
			productName = GRDB;
		};
		D00DE0000000000000000049 /* GRDB */ = {
			isa = XCSwiftPackageProductDependency;
			package = D00DE0000000000000000010 /* XCRemoteSwiftPackageReference "GRDB" */;
			productName = GRDB;
		};
/* End XCSwiftPackageProductDependency section */
	};
	rootObject = D00DE0000000000000000001 /* Project object */;
}
